# This file is autogenerated, do not edit; changes may be undone by the next 'dep ensure'.


[[projects]]
  branch = "master"
  digest = "1:8b55be8259cd15a9b5740a7326d238843daf68a2a885a9a8ef1e1df45825533d"
  name = "github.com/GeertJohan/go.rice"
  packages = [
    ".",
    "embedded",
  ]
  pruneopts = "UT"
  revision = "d954009f7238df62c766980934c8ea7f161d0e59"

[[projects]]
  digest = "1:8e8da6cc8cca12851d4e089d970a0f7387b3a6bcc8c459ff432213b03076a66d"
  name = "github.com/daaku/go.zipexe"
  packages = ["."]
  pruneopts = "UT"
  revision = "74d766ac1dde7458348221869a7d1e7e5fa0597e"
  version = "v1.0.1"

[[projects]]
  digest = "1:26d73f0911e537e89d04011f7a65a5cd2d28113d551d4366480b4706b2833e3a"
  name = "github.com/dlclark/regexp2"
  packages = [
    ".",
    "syntax",
  ]
  pruneopts = "UT"
  revision = "92c702aa5812963ef9193a9624191932d44073d7"
  version = "v1.2.0"

[[projects]]
  branch = "master"
  digest = "1:2e1d1e868e4480cf86a148971c16b6ff2794d3f5189eeba316117c57abecf257"
  name = "github.com/dop251/goja"
  packages = [
    ".",
    "ast",
    "file",
    "parser",
    "token",
  ]
  pruneopts = "UT"
  revision = "77e84ffb8c65af72e4a3bc53c31328265eac7c81"

[[projects]]
  branch = "master"
  digest = "1:e3f7a201f18abb4b5b39c266446dabfb8ad9958047e941c82df71e04114a4748"
  name = "github.com/dustin/go-humanize"
  packages = ["."]
  pruneopts = "UT"
  revision = "afde56e7acacd811f6c94228c2c61af2b0e93158"

[[projects]]
  digest = "1:3ef6db4aec5ff4301a775e03a4ba0d66638a62ce7b9dd8cb985ba66b10a66272"
  name = "github.com/go-sourcemap/sourcemap"
  packages = [
    ".",
    "internal/base64vlq",
  ]
  pruneopts = "UT"
  revision = "2588a51d69f1c3e296d57f75815ef40a20d54245"
  version = "v2.1.3"

[[projects]]
  digest = "1:e4f5819333ac698d294fe04dbf640f84719658d5c7ce195b10060cc37292ce79"
  name = "github.com/golang/snappy"
  packages = ["."]
  pruneopts = "UT"
  revision = "2a8bb927dd31d8daada140a5d09578521ce5c36a"
  version = "v0.0.1"

[[projects]]
  digest = "1:09cb61dc19af93deae01587e2fdb1c081e0bf48f1a5ad5fa24f48750dc57dce8"
  name = "github.com/konsorten/go-windows-terminal-sequences"
  packages = ["."]
  pruneopts = "UT"
  revision = "edb144dfd453055e1e49a3d8b410a660b5a87613"
  version = "v1.0.3"

[[projects]]
  digest = "1:fc5db2e6a4f78b11ab8fdee6e2cd9a61c2c6885479de2ef2cd20ad589c05b099"
  name = "github.com/loadimpact/k6"
  packages = [
    "js/compiler",
    "lib",
    "lib/fsext",
    "lib/scheduler",
    "lib/types",
    "loader",
    "stats",
  ]
  pruneopts = "UT"
  revision = "459da79ef51b37e5eaba4575c9065d9e592e5c49"
  version = "v0.26.2"

[[projects]]
  digest = "1:aff0e9185b5df855488a42e064cb479e994636d3cefa47d053495123d086add4"
  name = "github.com/mitchellh/mapstructure"
  packages = ["."]
  pruneopts = "UT"
  revision = "9e1e4717f8567d7ead72d070d064ad17d444a67e"
  version = "v1.3.3"

[[projects]]
  branch = "master"
  digest = "1:8ad686b49b509bf03549281c04b5fe11f609e9b12bf34a0690acad8cecc94f15"
  name = "github.com/oxtoacart/bpool"
  packages = ["."]
  pruneopts = "UT"
  revision = "03653db5a59cd88b481403d312d7c324b56af377"

[[projects]]
  digest = "1:9e1d37b58d17113ec3cb5608ac0382313c5b59470b94ed97d0976e69c7022314"
  name = "github.com/pkg/errors"
  packages = ["."]
  pruneopts = "UT"
  revision = "614d223910a179a466c1767a985424175c39b465"
  version = "v0.9.1"

[[projects]]
  digest = "1:296753adb808361c576fd439b1e09dd8ea803104bf4e36853d2d829b6eb737ea"
  name = "github.com/segmentio/kafka-go"
  packages = [
    ".",
    "sasl",
  ]
  pruneopts = "UT"
  revision = "e0af1cfbb8dd463571748e350262e2c81754bb73"
  version = "v0.3.6"

[[projects]]
  branch = "master"
  digest = "1:05eebdd5727fea23083fce0d98d307d70c86baed644178e81608aaa9f09ea469"
  name = "github.com/sirupsen/logrus"
  packages = ["."]
  pruneopts = "UT"
  revision = "60c74ad9be0d874af0ab0daef6ab07c5c5911f0d"

[[projects]]
  branch = "master"
  digest = "1:27f2257a03f0dd1f8e6634f477d30af83980ccbc9ab73f2db9928b8cb8073609"
  name = "github.com/spf13/afero"
  packages = [
    ".",
    "mem",
  ]
  pruneopts = "UT"
  revision = "c8608266dfb4546f38a16622d1b5aed0291033b9"

[[projects]]
  branch = "master"
  digest = "1:020620a097c2bfd056c8db7d31a69ea2cfed874ce985763dcd9ae00f9fa5f74b"
  name = "golang.org/x/sys"
  packages = [
    "internal/unsafeheader",
    "unix",
  ]
  pruneopts = "UT"
  revision = "1151b9dac4a98d49ef7f80f07ddd826ff51e0b36"

[[projects]]
  digest = "1:8d964db8360c12a4063c24530c3462ae8af38ef4036db992841eb86478db6490"
  name = "golang.org/x/text"
  packages = [
    "cases",
    "collate",
    "collate/build",
    "internal",
    "internal/colltab",
    "internal/gen",
    "internal/language",
    "internal/language/compact",
    "internal/tag",
    "internal/triegen",
    "internal/ucd",
    "language",
    "transform",
    "unicode/cldr",
    "unicode/norm",
  ]
  pruneopts = "UT"
  revision = "342b2e1fbaa52c93f31447ad2c6abc048c63e475"
  version = "v0.3.2"

[[projects]]
  branch = "master"
  digest = "1:908ad1a739c1afa54078eec5dc8a56b8ed01c0576b52ca61600471682fce4c33"
  name = "golang.org/x/time"
  packages = ["rate"]
  pruneopts = "UT"
  revision = "89c76fbcd5d1cd4969e5d2fe19d48b19d5ad94a0"

[[projects]]
  digest = "1:2d4e0b42440441453b41485a070c94fb690782b2b7b9f0d3519d62df4f8d612d"
  name = "gopkg.in/guregu/null.v3"
  packages = ["."]
  pruneopts = "UT"
  revision = "1e6a5b0d3fb642d7bf50a270adf19b54006c0269"
  version = "v3.5.0"

[[projects]]
  digest = "1:d95b8bb3ac8504c162b886d9396005640c1bd5c4523ef78f542d14d514802e62"
  name = "gopkg.in/linkedin/goavro.v2"
  packages = ["."]
  pruneopts = "UT"
  revision = "58a83ea1539a0c8c3946781abac4103abac92535"
  version = "v2.9.8"

[solve-meta]
  analyzer-name = "dep"
  analyzer-version = 1
  input-imports = [
    "github.com/loadimpact/k6/lib",
    "github.com/loadimpact/k6/stats",
    "github.com/segmentio/kafka-go",
    "gopkg.in/linkedin/goavro.v2",
  ]
  solver-name = "gps-cdcl"
  solver-version = 1
