# This file is autogenerated, do not edit; changes may be undone by the next 'dep ensure'.


[[projects]]
  digest = "1:296753adb808361c576fd439b1e09dd8ea803104bf4e36853d2d829b6eb737ea"
  name = "github.com/segmentio/kafka-go"
  packages = [
    ".",
    "sasl",
  ]
  pruneopts = "UT"
  revision = "e0af1cfbb8dd463571748e350262e2c81754bb73"
  version = "v0.3.6"

[solve-meta]
  analyzer-name = "dep"
  analyzer-version = 1
  input-imports = ["github.com/segmentio/kafka-go"]
  solver-name = "gps-cdcl"
  solver-version = 1
